// !$*UTF8*$!
{
	archiveVersion = 1;
	classes = {
	};
	objectVersion = 50;
	objects = {

/* Begin PBXBuildFile section */
		8B3E41D927AD5CD20069AA54 /* ModelCountryRow.swift in Sources */ = {isa = PBXBuildFile; fileRef = 8B3E41D827AD5CD20069AA54 /* ModelCountryRow.swift */; };
		8B9C57D127AACED0009253E8 /* AppDelegate.swift in Sources */ = {isa = PBXBuildFile; fileRef = 8B9C57D027AACED0009253E8 /* AppDelegate.swift */; };
		8B9C57D327AACED0009253E8 /* SceneDelegate.swift in Sources */ = {isa = PBXBuildFile; fileRef = 8B9C57D227AACED0009253E8 /* SceneDelegate.swift */; };
		8B9C57D527AACED0009253E8 /* ViewController.swift in Sources */ = {isa = PBXBuildFile; fileRef = 8B9C57D427AACED0009253E8 /* ViewController.swift */; };
		8B9C57D827AACED0009253E8 /* Main.storyboard in Resources */ = {isa = PBXBuildFile; fileRef = 8B9C57D627AACED0009253E8 /* Main.storyboard */; };
		8B9C57DA27AACEE1009253E8 /* Assets.xcassets in Resources */ = {isa = PBXBuildFile; fileRef = 8B9C57D927AACEE1009253E8 /* Assets.xcassets */; };
		8B9C57DD27AACEE1009253E8 /* LaunchScreen.storyboard in Resources */ = {isa = PBXBuildFile; fileRef = 8B9C57DB27AACEE1009253E8 /* LaunchScreen.storyboard */; };
		BD61C52327AD27720015FEBD /* ControllerJsonToString.swift in Sources */ = {isa = PBXBuildFile; fileRef = BD61C52227AD27720015FEBD /* ControllerJsonToString.swift */; };
		BD61C52527AD285D0015FEBD /* ModelCountry.swift in Sources */ = {isa = PBXBuildFile; fileRef = BD61C52427AD285D0015FEBD /* ModelCountry.swift */; };
		BD61C52A27B11FFB0015FEBD /* ListTableViewCell.swift in Sources */ = {isa = PBXBuildFile; fileRef = BD61C52927B11FFB0015FEBD /* ListTableViewCell.swift */; };
/* End PBXBuildFile section */

/* Begin PBXFileReference section */
		8B3E41D827AD5CD20069AA54 /* ModelCountryRow.swift */ = {isa = PBXFileReference; lastKnownFileType = sourcecode.swift; path = ModelCountryRow.swift; sourceTree = "<group>"; };
		8B9C57CD27AACED0009253E8 /* TestMetide.app */ = {isa = PBXFileReference; explicitFileType = wrapper.application; includeInIndex = 0; path = TestMetide.app; sourceTree = BUILT_PRODUCTS_DIR; };
		8B9C57D027AACED0009253E8 /* AppDelegate.swift */ = {isa = PBXFileReference; lastKnownFileType = sourcecode.swift; path = AppDelegate.swift; sourceTree = "<group>"; };
		8B9C57D227AACED0009253E8 /* SceneDelegate.swift */ = {isa = PBXFileReference; lastKnownFileType = sourcecode.swift; path = SceneDelegate.swift; sourceTree = "<group>"; };
		8B9C57D427AACED0009253E8 /* ViewController.swift */ = {isa = PBXFileReference; lastKnownFileType = sourcecode.swift; path = ViewController.swift; sourceTree = "<group>"; };
		8B9C57D727AACED0009253E8 /* Base */ = {isa = PBXFileReference; lastKnownFileType = file.storyboard; name = Base; path = Base.lproj/Main.storyboard; sourceTree = "<group>"; };
		8B9C57D927AACEE1009253E8 /* Assets.xcassets */ = {isa = PBXFileReference; lastKnownFileType = folder.assetcatalog; path = Assets.xcassets; sourceTree = "<group>"; };
		8B9C57DC27AACEE1009253E8 /* Base */ = {isa = PBXFileReference; lastKnownFileType = file.storyboard; name = Base; path = Base.lproj/LaunchScreen.storyboard; sourceTree = "<group>"; };
		8B9C57DE27AACEE1009253E8 /* Info.plist */ = {isa = PBXFileReference; lastKnownFileType = text.plist.xml; path = Info.plist; sourceTree = "<group>"; };
		BD61C52227AD27720015FEBD /* ControllerJsonToString.swift */ = {isa = PBXFileReference; lastKnownFileType = sourcecode.swift; path = ControllerJsonToString.swift; sourceTree = "<group>"; };
		BD61C52427AD285D0015FEBD /* ModelCountry.swift */ = {isa = PBXFileReference; lastKnownFileType = sourcecode.swift; path = ModelCountry.swift; sourceTree = "<group>"; };
		BD61C52927B11FFB0015FEBD /* ListTableViewCell.swift */ = {isa = PBXFileReference; lastKnownFileType = sourcecode.swift; path = ListTableViewCell.swift; sourceTree = "<group>"; };
/* End PBXFileReference section */

/* Begin PBXFrameworksBuildPhase section */
		8B9C57CA27AACED0009253E8 /* Frameworks */ = {
			isa = PBXFrameworksBuildPhase;
			buildActionMask = 2147483647;
			files = (
			);
			runOnlyForDeploymentPostprocessing = 0;
		};
/* End PBXFrameworksBuildPhase section */

/* Begin PBXGroup section */
		8B3E41D327AD5AC60069AA54 /* ViewTestMetide */ = {
			isa = PBXGroup;
			children = (
			);
			path = ViewTestMetide;
			sourceTree = "<group>";
		};
		8B9C57C427AACED0009253E8 = {
			isa = PBXGroup;
			children = (
				8B9C57CF27AACED0009253E8 /* TestMetide */,
				8B9C57CE27AACED0009253E8 /* Products */,
			);
			sourceTree = "<group>";
		};
		8B9C57CE27AACED0009253E8 /* Products */ = {
			isa = PBXGroup;
			children = (
				8B9C57CD27AACED0009253E8 /* TestMetide.app */,
			);
			name = Products;
			sourceTree = "<group>";
		};
		8B9C57CF27AACED0009253E8 /* TestMetide */ = {
			isa = PBXGroup;
			children = (
				8B3E41D327AD5AC60069AA54 /* ViewTestMetide */,
				BD61C52127ABFFDA0015FEBD /* ModelTestMetide */,
				BD61C52027ABFFC90015FEBD /* ControllerTestMetide */,
				8B9C57D027AACED0009253E8 /* AppDelegate.swift */,
				8B9C57D427AACED0009253E8 /* ViewController.swift */,
				8B9C57D227AACED0009253E8 /* SceneDelegate.swift */,
				8B9C57D627AACED0009253E8 /* Main.storyboard */,
				BD61C52927B11FFB0015FEBD /* ListTableViewCell.swift */,
				8B9C57D927AACEE1009253E8 /* Assets.xcassets */,
				8B9C57DB27AACEE1009253E8 /* LaunchScreen.storyboard */,
				8B9C57DE27AACEE1009253E8 /* Info.plist */,
			);
			path = TestMetide;
			sourceTree = "<group>";
		};
		BD61C52027ABFFC90015FEBD /* ControllerTestMetide */ = {
			isa = PBXGroup;
			children = (
				BD61C52227AD27720015FEBD /* ControllerJsonToString.swift */,
			);
			path = ControllerTestMetide;
			sourceTree = "<group>";
		};
		BD61C52127ABFFDA0015FEBD /* ModelTestMetide */ = {
			isa = PBXGroup;
			children = (
				BD61C52427AD285D0015FEBD /* ModelCountry.swift */,
				8B3E41D827AD5CD20069AA54 /* ModelCountryRow.swift */,
			);
			path = ModelTestMetide;
			sourceTree = "<group>";
		};
/* End PBXGroup section */

/* Begin PBXNativeTarget section */
		8B9C57CC27AACED0009253E8 /* TestMetide */ = {
			isa = PBXNativeTarget;
			buildConfigurationList = 8B9C57E127AACEE1009253E8 /* Build configuration list for PBXNativeTarget "TestMetide" */;
			buildPhases = (
				8B9C57C927AACED0009253E8 /* Sources */,
				8B9C57CA27AACED0009253E8 /* Frameworks */,
				8B9C57CB27AACED0009253E8 /* Resources */,
			);
			buildRules = (
			);
			dependencies = (
			);
			name = TestMetide;
			productName = TestMetide;
			productReference = 8B9C57CD27AACED0009253E8 /* TestMetide.app */;
			productType = "com.apple.product-type.application";
		};
/* End PBXNativeTarget section */

/* Begin PBXProject section */
		8B9C57C527AACED0009253E8 /* Project object */ = {
			isa = PBXProject;
			attributes = {
				LastSwiftUpdateCheck = 1240;
				LastUpgradeCheck = 1240;
				TargetAttributes = {
					8B9C57CC27AACED0009253E8 = {
						CreatedOnToolsVersion = 12.4;
					};
				};
			};
			buildConfigurationList = 8B9C57C827AACED0009253E8 /* Build configuration list for PBXProject "TestMetide" */;
			compatibilityVersion = "Xcode 9.3";
			developmentRegion = en;
			hasScannedForEncodings = 0;
			knownRegions = (
				en,
				Base,
			);
			mainGroup = 8B9C57C427AACED0009253E8;
			productRefGroup = 8B9C57CE27AACED0009253E8 /* Products */;
			projectDirPath = "";
			projectRoot = "";
			targets = (
				8B9C57CC27AACED0009253E8 /* TestMetide */,
			);
		};
/* End PBXProject section */

/* Begin PBXResourcesBuildPhase section */
		8B9C57CB27AACED0009253E8 /* Resources */ = {
			isa = PBXResourcesBuildPhase;
			buildActionMask = 2147483647;
			files = (
				8B9C57DD27AACEE1009253E8 /* LaunchScreen.storyboard in Resources */,
				8B9C57DA27AACEE1009253E8 /* Assets.xcassets in Resources */,
				8B9C57D827AACED0009253E8 /* Main.storyboard in Resources */,
			);
			runOnlyForDeploymentPostprocessing = 0;
		};
/* End PBXResourcesBuildPhase section */

/* Begin PBXSourcesBuildPhase section */
		8B9C57C927AACED0009253E8 /* Sources */ = {
			isa = PBXSourcesBuildPhase;
			buildActionMask = 2147483647;
			files = (
				BD61C52A27B11FFB0015FEBD /* ListTableViewCell.swift in Sources */,
				8B3E41D927AD5CD20069AA54 /* ModelCountryRow.swift in Sources */,
				BD61C52527AD285D0015FEBD /* ModelCountry.swift in Sources */,
				8B9C57D527AACED0009253E8 /* ViewController.swift in Sources */,
				8B9C57D127AACED0009253E8 /* AppDelegate.swift in Sources */,
				8B9C57D327AACED0009253E8 /* SceneDelegate.swift in Sources */,
				BD61C52327AD27720015FEBD /* ControllerJsonToString.swift in Sources */,
			);
			runOnlyForDeploymentPostprocessing = 0;
		};
/* End PBXSourcesBuildPhase section */

/* Begin PBXVariantGroup section */
		8B9C57D627AACED0009253E8 /* Main.storyboard */ = {
			isa = PBXVariantGroup;
			children = (
				8B9C57D727AACED0009253E8 /* Base */,
			);
			name = Main.storyboard;
			sourceTree = "<group>";
		};
		8B9C57DB27AACEE1009253E8 /* LaunchScreen.storyboard */ = {
			isa = PBXVariantGroup;
			children = (
				8B9C57DC27AACEE1009253E8 /* Base */,
			);
			name = LaunchScreen.storyboard;
			sourceTree = "<group>";
		};
/* End PBXVariantGroup section */

/* Begin XCBuildConfiguration section */
		8B9C57DF27AACEE1009253E8 /* Debug */ = {
			isa = XCBuildConfiguration;
			buildSettings = {
				ALWAYS_SEARCH_USER_PATHS = NO;
				CLANG_ANALYZER_NONNULL = YES;
				CLANG_ANALYZER_NUMBER_OBJECT_CONVERSION = YES_AGGRESSIVE;
				CLANG_CXX_LANGUAGE_STANDARD = "gnu++14";
				CLANG_CXX_LIBRARY = "libc++";
				CLANG_ENABLE_MODULES = YES;
				CLANG_ENABLE_OBJC_ARC = YES;
				CLANG_ENABLE_OBJC_WEAK = YES;
				CLANG_WARN_BLOCK_CAPTURE_AUTORELEASING = YES;
				CLANG_WARN_BOOL_CONVERSION = YES;
				CLANG_WARN_COMMA = YES;
				CLANG_WARN_CONSTANT_CONVERSION = YES;
				CLANG_WARN_DEPRECATED_OBJC_IMPLEMENTATIONS = YES;
				CLANG_WARN_DIRECT_OBJC_ISA_USAGE = YES_ERROR;
				CLANG_WARN_DOCUMENTATION_COMMENTS = YES;
				CLANG_WARN_EMPTY_BODY = YES;
				CLANG_WARN_ENUM_CONVERSION = YES;
				CLANG_WARN_INFINITE_RECURSION = YES;
				CLANG_WARN_INT_CONVERSION = YES;
				CLANG_WARN_NON_LITERAL_NULL_CONVERSION = YES;
				CLANG_WARN_OBJC_IMPLICIT_RETAIN_SELF = YES;
				CLANG_WARN_OBJC_LITERAL_CONVERSION = YES;
				CLANG_WARN_OBJC_ROOT_CLASS = YES_ERROR;
				CLANG_WARN_QUOTED_INCLUDE_IN_FRAMEWORK_HEADER = YES;
				CLANG_WARN_RANGE_LOOP_ANALYSIS = YES;
				CLANG_WARN_STRICT_PROTOTYPES = YES;
				CLANG_WARN_SUSPICIOUS_MOVE = YES;
				CLANG_WARN_UNGUARDED_AVAILABILITY = YES_AGGRESSIVE;
				CLANG_WARN_UNREACHABLE_CODE = YES;
				CLANG_WARN__DUPLICATE_METHOD_MATCH = YES;
				COPY_PHASE_STRIP = NO;
				DEBUG_INFORMATION_FORMAT = dwarf;
				ENABLE_STRICT_OBJC_MSGSEND = YES;
				ENABLE_TESTABILITY = YES;
				GCC_C_LANGUAGE_STANDARD = gnu11;
				GCC_DYNAMIC_NO_PIC = NO;
				GCC_NO_COMMON_BLOCKS = YES;
				GCC_OPTIMIZATION_LEVEL = 0;
				GCC_PREPROCESSOR_DEFINITIONS = (
					"DEBUG=1",
					"$(inherited)",
				);
				GCC_WARN_64_TO_32_BIT_CONVERSION = YES;
				GCC_WARN_ABOUT_RETURN_TYPE = YES_ERROR;
				GCC_WARN_UNDECLARED_SELECTOR = YES;
				GCC_WARN_UNINITIALIZED_AUTOS = YES_AGGRESSIVE;
				GCC_WARN_UNUSED_FUNCTION = YES;
				GCC_WARN_UNUSED_VARIABLE = YES;
				IPHONEOS_DEPLOYMENT_TARGET = 14.4;
				MTL_ENABLE_DEBUG_INFO = INCLUDE_SOURCE;
				MTL_FAST_MATH = YES;
				ONLY_ACTIVE_ARCH = YES;
				SDKROOT = iphoneos;
				SWIFT_ACTIVE_COMPILATION_CONDITIONS = DEBUG;
				SWIFT_OPTIMIZATION_LEVEL = "-Onone";
			};
			name = Debug;
		};
		8B9C57E027AACEE1009253E8 /* Release */ = {
			isa = XCBuildConfiguration;
			buildSettings = {
				ALWAYS_SEARCH_USER_PATHS = NO;
				CLANG_ANALYZER_NONNULL = YES;
				CLANG_ANALYZER_NUMBER_OBJECT_CONVERSION = YES_AGGRESSIVE;
				CLANG_CXX_LANGUAGE_STANDARD = "gnu++14";
				CLANG_CXX_LIBRARY = "libc++";
				CLANG_ENABLE_MODULES = YES;
				CLANG_ENABLE_OBJC_ARC = YES;
				CLANG_ENABLE_OBJC_WEAK = YES;
				CLANG_WARN_BLOCK_CAPTURE_AUTORELEASING = YES;
				CLANG_WARN_BOOL_CONVERSION = YES;
				CLANG_WARN_COMMA = YES;
				CLANG_WARN_CONSTANT_CONVERSION = YES;
				CLANG_WARN_DEPRECATED_OBJC_IMPLEMENTATIONS = YES;
				CLANG_WARN_DIRECT_OBJC_ISA_USAGE = YES_ERROR;
				CLANG_WARN_DOCUMENTATION_COMMENTS = YES;
				CLANG_WARN_EMPTY_BODY = YES;
				CLANG_WARN_ENUM_CONVERSION = YES;
				CLANG_WARN_INFINITE_RECURSION = YES;
				CLANG_WARN_INT_CONVERSION = YES;
				CLANG_WARN_NON_LITERAL_NULL_CONVERSION = YES;
				CLANG_WARN_OBJC_IMPLICIT_RETAIN_SELF = YES;
				CLANG_WARN_OBJC_LITERAL_CONVERSION = YES;
				CLANG_WARN_OBJC_ROOT_CLASS = YES_ERROR;
				CLANG_WARN_QUOTED_INCLUDE_IN_FRAMEWORK_HEADER = YES;
				CLANG_WARN_RANGE_LOOP_ANALYSIS = YES;
				CLANG_WARN_STRICT_PROTOTYPES = YES;
				CLANG_WARN_SUSPICIOUS_MOVE = YES;
				CLANG_WARN_UNGUARDED_AVAILABILITY = YES_AGGRESSIVE;
				CLANG_WARN_UNREACHABLE_CODE = YES;
				CLANG_WARN__DUPLICATE_METHOD_MATCH = YES;
				COPY_PHASE_STRIP = NO;
				DEBUG_INFORMATION_FORMAT = "dwarf-with-dsym";
				ENABLE_NS_ASSERTIONS = NO;
				ENABLE_STRICT_OBJC_MSGSEND = YES;
				GCC_C_LANGUAGE_STANDARD = gnu11;
				GCC_NO_COMMON_BLOCKS = YES;
				GCC_WARN_64_TO_32_BIT_CONVERSION = YES;
				GCC_WARN_ABOUT_RETURN_TYPE = YES_ERROR;
				GCC_WARN_UNDECLARED_SELECTOR = YES;
				GCC_WARN_UNINITIALIZED_AUTOS = YES_AGGRESSIVE;
				GCC_WARN_UNUSED_FUNCTION = YES;
				GCC_WARN_UNUSED_VARIABLE = YES;
				IPHONEOS_DEPLOYMENT_TARGET = 14.4;
				MTL_ENABLE_DEBUG_INFO = NO;
				MTL_FAST_MATH = YES;
				SDKROOT = iphoneos;
				SWIFT_COMPILATION_MODE = wholemodule;
				SWIFT_OPTIMIZATION_LEVEL = "-O";
				VALIDATE_PRODUCT = YES;
			};
			name = Release;
		};
		8B9C57E227AACEE1009253E8 /* Debug */ = {
			isa = XCBuildConfiguration;
			buildSettings = {
				ASSETCATALOG_COMPILER_APPICON_NAME = AppIcon;
				ASSETCATALOG_COMPILER_GLOBAL_ACCENT_COLOR_NAME = AccentColor;
				CODE_SIGN_STYLE = Automatic;
				DEVELOPMENT_TEAM = FY54V84MU5;
				INFOPLIST_FILE = TestMetide/Info.plist;
				LD_RUNPATH_SEARCH_PATHS = (
					"$(inherited)",
					"@executable_path/Frameworks",
				);
				PRODUCT_BUNDLE_IDENTIFIER = com.metide.TestMetide;
				PRODUCT_NAME = "$(TARGET_NAME)";
				SWIFT_VERSION = 5.0;
				TARGETED_DEVICE_FAMILY = "1,2";
			};
			name = Debug;
		};
		8B9C57E327AACEE1009253E8 /* Release */ = {
			isa = XCBuildConfiguration;
			buildSettings = {
				ASSETCATALOG_COMPILER_APPICON_NAME = AppIcon;
				ASSETCATALOG_COMPILER_GLOBAL_ACCENT_COLOR_NAME = AccentColor;
				CODE_SIGN_STYLE = Automatic;
				DEVELOPMENT_TEAM = FY54V84MU5;
				INFOPLIST_FILE = TestMetide/Info.plist;
				LD_RUNPATH_SEARCH_PATHS = (
					"$(inherited)",
					"@executable_path/Frameworks",
				);
				PRODUCT_BUNDLE_IDENTIFIER = com.metide.TestMetide;
				PRODUCT_NAME = "$(TARGET_NAME)";
				SWIFT_VERSION = 5.0;
				TARGETED_DEVICE_FAMILY = "1,2";
			};
			name = Release;
		};
/* End XCBuildConfiguration section */

/* Begin XCConfigurationList section */
		8B9C57C827AACED0009253E8 /* Build configuration list for PBXProject "TestMetide" */ = {
			isa = XCConfigurationList;
			buildConfigurations = (
				8B9C57DF27AACEE1009253E8 /* Debug */,
				8B9C57E027AACEE1009253E8 /* Release */,
			);
			defaultConfigurationIsVisible = 0;
			defaultConfigurationName = Release;
		};
		8B9C57E127AACEE1009253E8 /* Build configuration list for PBXNativeTarget "TestMetide" */ = {
			isa = XCConfigurationList;
			buildConfigurations = (
				8B9C57E227AACEE1009253E8 /* Debug */,
				8B9C57E327AACEE1009253E8 /* Release */,
			);
			defaultConfigurationIsVisible = 0;
			defaultConfigurationName = Release;
		};
/* End XCConfigurationList section */
	};
	rootObject = 8B9C57C527AACED0009253E8 /* Project object */;
}
